
Microsoft Visual Studio Solution File, Format Version 12.00
# Visual Studio Version 17
VisualStudioVersion = 17.7.34024.191
MinimumVisualStudioVersion = 10.0.40219.1
Project("{FAE04EC0-301F-11D3-BF4B-00C04F79EFBC}") = "Host", "Host.csproj", "{12304163-664C-4C95-8FCF-939E4DCD12DF}"
EndProject
Project("{FAE04EC0-301F-11D3-BF4B-00C04F79EFBC}") = "CrazyEightsServicio", "..\CrazyEightsServicio\CrazyEightsServicio.csproj", "{C8BFEC9B-8046-4C2A-826D-BA236201960D}"
EndProject
Project("{FAE04EC0-301F-11D3-BF4B-00C04F79EFBC}") = "CrazyEightsDataAccess", "..\CrazyEightsDataAccess\CrazyEightsDataAccess.csproj", "{0A43F099-64C8-4347-A756-3AA2E79CBFDA}"
EndProject
Global
	GlobalSection(SolutionConfigurationPlatforms) = preSolution
		Debug|Any CPU = Debug|Any CPU
		Release|Any CPU = Release|Any CPU
	EndGlobalSection
	GlobalSection(ProjectConfigurationPlatforms) = postSolution
		{12304163-664C-4C95-8FCF-939E4DCD12DF}.Debug|Any CPU.ActiveCfg = Debug|Any CPU
		{12304163-664C-4C95-8FCF-939E4DCD12DF}.Debug|Any CPU.Build.0 = Debug|Any CPU
		{12304163-664C-4C95-8FCF-939E4DCD12DF}.Release|Any CPU.ActiveCfg = Release|Any CPU
		{12304163-664C-4C95-8FCF-939E4DCD12DF}.Release|Any CPU.Build.0 = Release|Any CPU
		{C8BFEC9B-8046-4C2A-826D-BA236201960D}.Debug|Any CPU.ActiveCfg = Debug|Any CPU
		{C8BFEC9B-8046-4C2A-826D-BA236201960D}.Debug|Any CPU.Build.0 = Debug|Any CPU
		{C8BFEC9B-8046-4C2A-826D-BA236201960D}.Release|Any CPU.ActiveCfg = Release|Any CPU
		{C8BFEC9B-8046-4C2A-826D-BA236201960D}.Release|Any CPU.Build.0 = Release|Any CPU
		{0A43F099-64C8-4347-A756-3AA2E79CBFDA}.Debug|Any CPU.ActiveCfg = Debug|Any CPU
		{0A43F099-64C8-4347-A756-3AA2E79CBFDA}.Debug|Any CPU.Build.0 = Debug|Any CPU
		{0A43F099-64C8-4347-A756-3AA2E79CBFDA}.Release|Any CPU.ActiveCfg = Release|Any CPU
		{0A43F099-64C8-4347-A756-3AA2E79CBFDA}.Release|Any CPU.Build.0 = Release|Any CPU
	EndGlobalSection
	GlobalSection(SolutionProperties) = preSolution
		HideSolutionNode = FALSE
	EndGlobalSection
	GlobalSection(ExtensibilityGlobals) = postSolution
		SolutionGuid = {CBCA1CF7-ED94-4128-8D02-356E49E7C8AE}
	EndGlobalSection
EndGlobal
